
Microsoft Visual Studio Solution File, Format Version 12.00
# Visual Studio Version 16
VisualStudioVersion = 16.0.31205.134
MinimumVisualStudioVersion = 10.0.40219.1
Project("{9A19103F-16F7-4668-BE54-9A1E7A4F7556}") = "ParkingRightService", "ParkingRightService\ParkingRightService.csproj", "{0E21F8EF-F18C-42B1-965C-0E2ED7450A9C}"
EndProject
Project("{FAE04EC0-301F-11D3-BF4B-00C04F79EFBC}") = "ParkingRightServiceTests", "ParkingRightServiceTests\ParkingRightServiceTests.csproj", "{BC9C9C10-7FB5-4ED2-A3A3-708067E96293}"
EndProject
Global
	GlobalSection(SolutionConfigurationPlatforms) = preSolution
		Debug|Any CPU = Debug|Any CPU
		Release|Any CPU = Release|Any CPU
	EndGlobalSection
	GlobalSection(ProjectConfigurationPlatforms) = postSolution
		{0E21F8EF-F18C-42B1-965C-0E2ED7450A9C}.Debug|Any CPU.ActiveCfg = Debug|Any CPU
		{0E21F8EF-F18C-42B1-965C-0E2ED7450A9C}.Debug|Any CPU.Build.0 = Debug|Any CPU
		{0E21F8EF-F18C-42B1-965C-0E2ED7450A9C}.Release|Any CPU.ActiveCfg = Release|Any CPU
		{0E21F8EF-F18C-42B1-965C-0E2ED7450A9C}.Release|Any CPU.Build.0 = Release|Any CPU
		{BC9C9C10-7FB5-4ED2-A3A3-708067E96293}.Debug|Any CPU.ActiveCfg = Debug|Any CPU
		{BC9C9C10-7FB5-4ED2-A3A3-708067E96293}.Debug|Any CPU.Build.0 = Debug|Any CPU
		{BC9C9C10-7FB5-4ED2-A3A3-708067E96293}.Release|Any CPU.ActiveCfg = Release|Any CPU
		{BC9C9C10-7FB5-4ED2-A3A3-708067E96293}.Release|Any CPU.Build.0 = Release|Any CPU
	EndGlobalSection
	GlobalSection(SolutionProperties) = preSolution
		HideSolutionNode = FALSE
	EndGlobalSection
	GlobalSection(ExtensibilityGlobals) = postSolution
		SolutionGuid = {7CD016C1-0474-489A-B6D4-053B8B45BF49}
	EndGlobalSection
EndGlobal
